
Microsoft Visual Studio Solution File, Format Version 12.00
# Visual Studio Version 17
VisualStudioVersion = 17.8.34322.80
MinimumVisualStudioVersion = 10.0.40219.1
Project("{FAE04EC0-301F-11D3-BF4B-00C04F79EFBC}") = "E-Commerce API", "E-Commerce API\E-Commerce API.csproj", "{1DF322EA-EE5A-45FD-92CE-11817683DCA4}"
EndProject
Global
	GlobalSection(SolutionConfigurationPlatforms) = preSolution
		Debug|Any CPU = Debug|Any CPU
		Release|Any CPU = Release|Any CPU
	EndGlobalSection
	GlobalSection(ProjectConfigurationPlatforms) = postSolution
		{1DF322EA-EE5A-45FD-92CE-11817683DCA4}.Debug|Any CPU.ActiveCfg = Debug|Any CPU
		{1DF322EA-EE5A-45FD-92CE-11817683DCA4}.Debug|Any CPU.Build.0 = Debug|Any CPU
		{1DF322EA-EE5A-45FD-92CE-11817683DCA4}.Release|Any CPU.ActiveCfg = Release|Any CPU
		{1DF322EA-EE5A-45FD-92CE-11817683DCA4}.Release|Any CPU.Build.0 = Release|Any CPU
	EndGlobalSection
	GlobalSection(SolutionProperties) = preSolution
		HideSolutionNode = FALSE
	EndGlobalSection
	GlobalSection(ExtensibilityGlobals) = postSolution
		SolutionGuid = {C9AAACFF-47D6-41A6-B974-BCD829EFC59F}
	EndGlobalSection
EndGlobal
